{
	"name": "@aqua-gui/utils",
	"version": "0.0.0",
	"lockfileVersion": 1,
	"requires": true,
	"dependencies": {
		"@types/lodash": {
			"version": "4.14.136",
			"resolved": "https://registry.npmjs.org/@types/lodash/-/lodash-4.14.136.tgz",
			"integrity": "sha512-0GJhzBdvsW2RUccNHOBkabI8HZVdOXmXbXhuKlDEd5Vv12P7oAVGfomGp3Ne21o5D/qu1WmthlNKFaoZJJeErA=="
		},
		"lodash": {
			"version": "4.17.19",
			"resolved": "https://registry.npmjs.org/lodash/-/lodash-4.17.19.tgz",
			"integrity": "sha512-JNvd8XER9GQX0v2qJgsaN/mzFCNA5BRe/j8JN9d+tWyGLSodKQHKFicdwNYzWwI3wjRnaKPsGj1XkBjx/F96DQ=="
		}
	}
}
